
Microsoft Visual Studio Solution File, Format Version 12.00
# Visual Studio Version 17
VisualStudioVersion = 17.0.32014.148
MinimumVisualStudioVersion = 10.0.40219.1
Project("{FAE04EC0-301F-11D3-BF4B-00C04F79EFBC}") = "BlogAspnetCursombanagouro", "BlogAspnetCursombanagouro.csproj", "{291A2A8C-345F-4A0A-974C-50D2E1A2E8F3}"
EndProject
Global
	GlobalSection(SolutionConfigurationPlatforms) = preSolution
		Debug|Any CPU = Debug|Any CPU
		Release|Any CPU = Release|Any CPU
	EndGlobalSection
	GlobalSection(ProjectConfigurationPlatforms) = postSolution
		{291A2A8C-345F-4A0A-974C-50D2E1A2E8F3}.Debug|Any CPU.ActiveCfg = Debug|Any CPU
		{291A2A8C-345F-4A0A-974C-50D2E1A2E8F3}.Debug|Any CPU.Build.0 = Debug|Any CPU
		{291A2A8C-345F-4A0A-974C-50D2E1A2E8F3}.Release|Any CPU.ActiveCfg = Release|Any CPU
		{291A2A8C-345F-4A0A-974C-50D2E1A2E8F3}.Release|Any CPU.Build.0 = Release|Any CPU
	EndGlobalSection
	GlobalSection(SolutionProperties) = preSolution
		HideSolutionNode = FALSE
	EndGlobalSection
	GlobalSection(ExtensibilityGlobals) = postSolution
		SolutionGuid = {72168DD8-9467-42AB-B75A-4714D105F78D}
	EndGlobalSection
EndGlobal
